
Microsoft Visual Studio Solution File, Format Version 12.00
# Visual Studio Version 17
VisualStudioVersion = 17.2.32630.192
MinimumVisualStudioVersion = 10.0.40219.1
Project("{FAE04EC0-301F-11D3-BF4B-00C04F79EFBC}") = "wordleclone", "ConsoleApp2\wordleclone.csproj", "{B62C3CBF-0893-4881-9BBE-E2B8E73BD844}"
EndProject
Global
	GlobalSection(SolutionConfigurationPlatforms) = preSolution
		Debug|Any CPU = Debug|Any CPU
		Release|Any CPU = Release|Any CPU
	EndGlobalSection
	GlobalSection(ProjectConfigurationPlatforms) = postSolution
		{B62C3CBF-0893-4881-9BBE-E2B8E73BD844}.Debug|Any CPU.ActiveCfg = Debug|Any CPU
		{B62C3CBF-0893-4881-9BBE-E2B8E73BD844}.Debug|Any CPU.Build.0 = Debug|Any CPU
		{B62C3CBF-0893-4881-9BBE-E2B8E73BD844}.Release|Any CPU.ActiveCfg = Release|Any CPU
		{B62C3CBF-0893-4881-9BBE-E2B8E73BD844}.Release|Any CPU.Build.0 = Release|Any CPU
	EndGlobalSection
	GlobalSection(SolutionProperties) = preSolution
		HideSolutionNode = FALSE
	EndGlobalSection
	GlobalSection(ExtensibilityGlobals) = postSolution
		SolutionGuid = {3E2599C8-040A-46E6-B57A-CDB0C09EE286}
	EndGlobalSection
EndGlobal
